
Microsoft Visual Studio Solution File, Format Version 12.00
# Visual Studio 15
VisualStudioVersion = 15.0.27428.2015
MinimumVisualStudioVersion = 10.0.40219.1
Project("{FAE04EC0-301F-11D3-BF4B-00C04F79EFBC}") = "CmdEngine", "CmdEngine\CmdEngine.csproj", "{C883D85F-1E57-42B6-A83F-E1A2FB032EC3}"
EndProject
Global
	GlobalSection(SolutionConfigurationPlatforms) = preSolution
		Debug|Any CPU = Debug|Any CPU
		Release|Any CPU = Release|Any CPU
	EndGlobalSection
	GlobalSection(ProjectConfigurationPlatforms) = postSolution
		{C883D85F-1E57-42B6-A83F-E1A2FB032EC3}.Debug|Any CPU.ActiveCfg = Debug|Any CPU
		{C883D85F-1E57-42B6-A83F-E1A2FB032EC3}.Debug|Any CPU.Build.0 = Debug|Any CPU
		{C883D85F-1E57-42B6-A83F-E1A2FB032EC3}.Release|Any CPU.ActiveCfg = Release|Any CPU
		{C883D85F-1E57-42B6-A83F-E1A2FB032EC3}.Release|Any CPU.Build.0 = Release|Any CPU
	EndGlobalSection
	GlobalSection(SolutionProperties) = preSolution
		HideSolutionNode = FALSE
	EndGlobalSection
	GlobalSection(ExtensibilityGlobals) = postSolution
		SolutionGuid = {943BF798-B131-4E4C-8385-6E2CF7E40DE1}
	EndGlobalSection
EndGlobal
